
Microsoft Visual Studio Solution File, Format Version 12.00
# Visual Studio 2012
Project("{159641D6-6404-4A2A-AE62-294DE0FE8301}") = "ETL_self_services_multi", "ETL_self_services_multi\ETL_self_services_multi.dtproj", "{B2C79BD4-5C39-41EF-87AC-BF0E9CF411E2}"
EndProject
Global
	GlobalSection(SolutionConfigurationPlatforms) = preSolution
		Development|Default = Development|Default
	EndGlobalSection
	GlobalSection(ProjectConfigurationPlatforms) = postSolution
		{B2C79BD4-5C39-41EF-87AC-BF0E9CF411E2}.Development|Default.ActiveCfg = Development
		{B2C79BD4-5C39-41EF-87AC-BF0E9CF411E2}.Development|Default.Build.0 = Development
	EndGlobalSection
	GlobalSection(SolutionProperties) = preSolution
		HideSolutionNode = FALSE
	EndGlobalSection
EndGlobal
